// !$*UTF8*$!
{
	archiveVersion = 1;
	classes = {
	};
	objectVersion = 50;
	objects = {

/* Begin PBXBuildFile section */
		2D34117721EF9652009F8178 /* GoogleService-Info.plist in Resources */ = {isa = PBXBuildFile; fileRef = 2D34117621EF9652009F8178 /* GoogleService-Info.plist */; };
		2D34117921EFA7D6009F8178 /* LoginScreenVC.swift in Sources */ = {isa = PBXBuildFile; fileRef = 2D34117821EFA7D6009F8178 /* LoginScreenVC.swift */; };
		2D34117B21EFD5F4009F8178 /* RegisterScreenVC.swift in Sources */ = {isa = PBXBuildFile; fileRef = 2D34117A21EFD5F4009F8178 /* RegisterScreenVC.swift */; };
		2D34117E21EFF261009F8178 /* DriverAnnotation.swift in Sources */ = {isa = PBXBuildFile; fileRef = 2D34117D21EFF261009F8178 /* DriverAnnotation.swift */; };
		2D34118321EFF32E009F8178 /* Annotation.swift in Sources */ = {isa = PBXBuildFile; fileRef = 2D34118221EFF32E009F8178 /* Annotation.swift */; };
		2D8586A221EAC76C00D5FA0E /* AppDelegate.swift in Sources */ = {isa = PBXBuildFile; fileRef = 2D8586A121EAC76C00D5FA0E /* AppDelegate.swift */; };
		2D8586A721EAC76C00D5FA0E /* Main.storyboard in Resources */ = {isa = PBXBuildFile; fileRef = 2D8586A521EAC76C00D5FA0E /* Main.storyboard */; };
		2D8586A921EAC77000D5FA0E /* Assets.xcassets in Resources */ = {isa = PBXBuildFile; fileRef = 2D8586A821EAC77000D5FA0E /* Assets.xcassets */; };
		2D8586AC21EAC77000D5FA0E /* LaunchScreen.storyboard in Resources */ = {isa = PBXBuildFile; fileRef = 2D8586AA21EAC77000D5FA0E /* LaunchScreen.storyboard */; };
		2D8586B721EB505E00D5FA0E /* User.swift in Sources */ = {isa = PBXBuildFile; fileRef = 2D8586B621EB505E00D5FA0E /* User.swift */; };
		2D8586B921EB5CF000D5FA0E /* MapViewVC.swift in Sources */ = {isa = PBXBuildFile; fileRef = 2D8586B821EB5CF000D5FA0E /* MapViewVC.swift */; };
		6B7CE8AB0770A2EE297919AF /* Pods_huber.framework in Frameworks */ = {isa = PBXBuildFile; fileRef = E9D30C218D79050267BF31C4 /* Pods_huber.framework */; };
/* End PBXBuildFile section */

/* Begin PBXFileReference section */
		0D9B404C1DBBFAFD58DCCBB7 /* Pods-huber.debug.xcconfig */ = {isa = PBXFileReference; includeInIndex = 1; lastKnownFileType = text.xcconfig; name = "Pods-huber.debug.xcconfig"; path = "Pods/Target Support Files/Pods-huber/Pods-huber.debug.xcconfig"; sourceTree = "<group>"; };
		0D9BF05D71A6C9BC6E08F8DC /* Pods-huber.release.xcconfig */ = {isa = PBXFileReference; includeInIndex = 1; lastKnownFileType = text.xcconfig; name = "Pods-huber.release.xcconfig"; path = "Pods/Target Support Files/Pods-huber/Pods-huber.release.xcconfig"; sourceTree = "<group>"; };
		2D34117621EF9652009F8178 /* GoogleService-Info.plist */ = {isa = PBXFileReference; fileEncoding = 4; lastKnownFileType = text.plist.xml; path = "GoogleService-Info.plist"; sourceTree = "<group>"; };
		2D34117821EFA7D6009F8178 /* LoginScreenVC.swift */ = {isa = PBXFileReference; lastKnownFileType = sourcecode.swift; path = LoginScreenVC.swift; sourceTree = "<group>"; };
		2D34117A21EFD5F4009F8178 /* RegisterScreenVC.swift */ = {isa = PBXFileReference; lastKnownFileType = sourcecode.swift; path = RegisterScreenVC.swift; sourceTree = "<group>"; };
		2D34117D21EFF261009F8178 /* DriverAnnotation.swift */ = {isa = PBXFileReference; lastKnownFileType = sourcecode.swift; path = DriverAnnotation.swift; sourceTree = "<group>"; };
		2D34118221EFF32E009F8178 /* Annotation.swift */ = {isa = PBXFileReference; lastKnownFileType = sourcecode.swift; path = Annotation.swift; sourceTree = "<group>"; };
		2D85869E21EAC76C00D5FA0E /* huber.app */ = {isa = PBXFileReference; explicitFileType = wrapper.application; includeInIndex = 0; path = huber.app; sourceTree = BUILT_PRODUCTS_DIR; };
		2D8586A121EAC76C00D5FA0E /* AppDelegate.swift */ = {isa = PBXFileReference; lastKnownFileType = sourcecode.swift; path = AppDelegate.swift; sourceTree = "<group>"; };
		2D8586A621EAC76C00D5FA0E /* Base */ = {isa = PBXFileReference; lastKnownFileType = file.storyboard; name = Base; path = Base.lproj/Main.storyboard; sourceTree = "<group>"; };
		2D8586A821EAC77000D5FA0E /* Assets.xcassets */ = {isa = PBXFileReference; lastKnownFileType = folder.assetcatalog; path = Assets.xcassets; sourceTree = "<group>"; };
		2D8586AB21EAC77000D5FA0E /* Base */ = {isa = PBXFileReference; lastKnownFileType = file.storyboard; name = Base; path = Base.lproj/LaunchScreen.storyboard; sourceTree = "<group>"; };
		2D8586AD21EAC77000D5FA0E /* Info.plist */ = {isa = PBXFileReference; lastKnownFileType = text.plist.xml; path = Info.plist; sourceTree = "<group>"; };
		2D8586B621EB505E00D5FA0E /* User.swift */ = {isa = PBXFileReference; lastKnownFileType = sourcecode.swift; path = User.swift; sourceTree = "<group>"; };
		2D8586B821EB5CF000D5FA0E /* MapViewVC.swift */ = {isa = PBXFileReference; lastKnownFileType = sourcecode.swift; path = MapViewVC.swift; sourceTree = "<group>"; };
		E9D30C218D79050267BF31C4 /* Pods_huber.framework */ = {isa = PBXFileReference; explicitFileType = wrapper.framework; includeInIndex = 0; path = Pods_huber.framework; sourceTree = BUILT_PRODUCTS_DIR; };
/* End PBXFileReference section */

/* Begin PBXFrameworksBuildPhase section */
		2D85869B21EAC76C00D5FA0E /* Frameworks */ = {
			isa = PBXFrameworksBuildPhase;
			buildActionMask = 2147483647;
			files = (
				6B7CE8AB0770A2EE297919AF /* Pods_huber.framework in Frameworks */,
			);
			runOnlyForDeploymentPostprocessing = 0;
		};
/* End PBXFrameworksBuildPhase section */

/* Begin PBXGroup section */
		05A1E489AE8E21E72AB60AB8 /* Frameworks */ = {
			isa = PBXGroup;
			children = (
				E9D30C218D79050267BF31C4 /* Pods_huber.framework */,
			);
			name = Frameworks;
			sourceTree = "<group>";
		};
		2D34117C21EFF20A009F8178 /* DriverAnnotations */ = {
			isa = PBXGroup;
			children = (
				2D34117D21EFF261009F8178 /* DriverAnnotation.swift */,
				2D34118221EFF32E009F8178 /* Annotation.swift */,
			);
			path = DriverAnnotations;
			sourceTree = "<group>";
		};
		2D85869521EAC76C00D5FA0E = {
			isa = PBXGroup;
			children = (
				2D8586A021EAC76C00D5FA0E /* huber */,
				2D85869F21EAC76C00D5FA0E /* Products */,
				F68843EB2E7C95FD477299CE /* Pods */,
				05A1E489AE8E21E72AB60AB8 /* Frameworks */,
			);
			sourceTree = "<group>";
		};
		2D85869F21EAC76C00D5FA0E /* Products */ = {
			isa = PBXGroup;
			children = (
				2D85869E21EAC76C00D5FA0E /* huber.app */,
			);
			name = Products;
			sourceTree = "<group>";
		};
		2D8586A021EAC76C00D5FA0E /* huber */ = {
			isa = PBXGroup;
			children = (
				2D8586B521EB4FB900D5FA0E /* Controller */,
				2D8586B421EB4FB000D5FA0E /* View */,
				2D8586B321EB4FA300D5FA0E /* Model */,
				2D8586A121EAC76C00D5FA0E /* AppDelegate.swift */,
				2D8586AD21EAC77000D5FA0E /* Info.plist */,
				2D34117621EF9652009F8178 /* GoogleService-Info.plist */,
			);
			path = huber;
			sourceTree = "<group>";
		};
		2D8586B321EB4FA300D5FA0E /* Model */ = {
			isa = PBXGroup;
			children = (
				2D8586B621EB505E00D5FA0E /* User.swift */,
			);
			path = Model;
			sourceTree = "<group>";
		};
		2D8586B421EB4FB000D5FA0E /* View */ = {
			isa = PBXGroup;
			children = (
				2D34117C21EFF20A009F8178 /* DriverAnnotations */,
				2D8586A521EAC76C00D5FA0E /* Main.storyboard */,
				2D8586A821EAC77000D5FA0E /* Assets.xcassets */,
				2D8586AA21EAC77000D5FA0E /* LaunchScreen.storyboard */,
			);
			path = View;
			sourceTree = "<group>";
		};
		2D8586B521EB4FB900D5FA0E /* Controller */ = {
			isa = PBXGroup;
			children = (
				2D8586B821EB5CF000D5FA0E /* MapViewVC.swift */,
				2D34117821EFA7D6009F8178 /* LoginScreenVC.swift */,
				2D34117A21EFD5F4009F8178 /* RegisterScreenVC.swift */,
			);
			path = Controller;
			sourceTree = "<group>";
		};
		F68843EB2E7C95FD477299CE /* Pods */ = {
			isa = PBXGroup;
			children = (
				0D9B404C1DBBFAFD58DCCBB7 /* Pods-huber.debug.xcconfig */,
				0D9BF05D71A6C9BC6E08F8DC /* Pods-huber.release.xcconfig */,
			);
			name = Pods;
			sourceTree = "<group>";
		};
/* End PBXGroup section */

/* Begin PBXNativeTarget section */
		2D85869D21EAC76C00D5FA0E /* huber */ = {
			isa = PBXNativeTarget;
			buildConfigurationList = 2D8586B021EAC77000D5FA0E /* Build configuration list for PBXNativeTarget "huber" */;
			buildPhases = (
				F1B2C44B60BCFC792534E22A /* [CP] Check Pods Manifest.lock */,
				2D85869A21EAC76C00D5FA0E /* Sources */,
				2D85869B21EAC76C00D5FA0E /* Frameworks */,
				2D85869C21EAC76C00D5FA0E /* Resources */,
				1557835833FDF3F7D02C716F /* [CP] Embed Pods Frameworks */,
			);
			buildRules = (
			);
			dependencies = (
			);
			name = huber;
			productName = huber;
			productReference = 2D85869E21EAC76C00D5FA0E /* huber.app */;
			productType = "com.apple.product-type.application";
		};
/* End PBXNativeTarget section */

/* Begin PBXProject section */
		2D85869621EAC76C00D5FA0E /* Project object */ = {
			isa = PBXProject;
			attributes = {
				LastSwiftUpdateCheck = 1010;
				LastUpgradeCheck = 1010;
				ORGANIZATIONNAME = "Igor-Macbook Pro";
				TargetAttributes = {
					2D85869D21EAC76C00D5FA0E = {
						CreatedOnToolsVersion = 10.1;
					};
				};
			};
			buildConfigurationList = 2D85869921EAC76C00D5FA0E /* Build configuration list for PBXProject "huber" */;
			compatibilityVersion = "Xcode 9.3";
			developmentRegion = en;
			hasScannedForEncodings = 0;
			knownRegions = (
				en,
				Base,
			);
			mainGroup = 2D85869521EAC76C00D5FA0E;
			productRefGroup = 2D85869F21EAC76C00D5FA0E /* Products */;
			projectDirPath = "";
			projectRoot = "";
			targets = (
				2D85869D21EAC76C00D5FA0E /* huber */,
			);
		};
/* End PBXProject section */

/* Begin PBXResourcesBuildPhase section */
		2D85869C21EAC76C00D5FA0E /* Resources */ = {
			isa = PBXResourcesBuildPhase;
			buildActionMask = 2147483647;
			files = (
				2D8586AC21EAC77000D5FA0E /* LaunchScreen.storyboard in Resources */,
				2D8586A921EAC77000D5FA0E /* Assets.xcassets in Resources */,
				2D8586A721EAC76C00D5FA0E /* Main.storyboard in Resources */,
				2D34117721EF9652009F8178 /* GoogleService-Info.plist in Resources */,
			);
			runOnlyForDeploymentPostprocessing = 0;
		};
/* End PBXResourcesBuildPhase section */

/* Begin PBXShellScriptBuildPhase section */
		1557835833FDF3F7D02C716F /* [CP] Embed Pods Frameworks */ = {
			isa = PBXShellScriptBuildPhase;
			buildActionMask = 2147483647;
			files = (
			);
			inputFileListPaths = (
			);
			inputPaths = (
				"${SRCROOT}/Pods/Target Support Files/Pods-huber/Pods-huber-frameworks.sh",
				"${BUILT_PRODUCTS_DIR}/BoringSSL/openssl.framework",
				"${BUILT_PRODUCTS_DIR}/GTMSessionFetcher/GTMSessionFetcher.framework",
				"${BUILT_PRODUCTS_DIR}/GoogleUtilities/GoogleUtilities.framework",
				"${BUILT_PRODUCTS_DIR}/Protobuf/Protobuf.framework",
				"${BUILT_PRODUCTS_DIR}/gRPC/GRPCClient.framework",
				"${BUILT_PRODUCTS_DIR}/gRPC-C++/grpcpp.framework",
				"${BUILT_PRODUCTS_DIR}/gRPC-Core/grpc.framework",
				"${BUILT_PRODUCTS_DIR}/gRPC-ProtoRPC/ProtoRPC.framework",
				"${BUILT_PRODUCTS_DIR}/gRPC-RxLibrary/RxLibrary.framework",
				"${BUILT_PRODUCTS_DIR}/leveldb-library/leveldb.framework",
				"${BUILT_PRODUCTS_DIR}/nanopb/nanopb.framework",
			);
			name = "[CP] Embed Pods Frameworks";
			outputFileListPaths = (
			);
			outputPaths = (
				"${TARGET_BUILD_DIR}/${FRAMEWORKS_FOLDER_PATH}/openssl.framework",
				"${TARGET_BUILD_DIR}/${FRAMEWORKS_FOLDER_PATH}/GTMSessionFetcher.framework",
				"${TARGET_BUILD_DIR}/${FRAMEWORKS_FOLDER_PATH}/GoogleUtilities.framework",
				"${TARGET_BUILD_DIR}/${FRAMEWORKS_FOLDER_PATH}/Protobuf.framework",
				"${TARGET_BUILD_DIR}/${FRAMEWORKS_FOLDER_PATH}/GRPCClient.framework",
				"${TARGET_BUILD_DIR}/${FRAMEWORKS_FOLDER_PATH}/grpcpp.framework",
				"${TARGET_BUILD_DIR}/${FRAMEWORKS_FOLDER_PATH}/grpc.framework",
				"${TARGET_BUILD_DIR}/${FRAMEWORKS_FOLDER_PATH}/ProtoRPC.framework",
				"${TARGET_BUILD_DIR}/${FRAMEWORKS_FOLDER_PATH}/RxLibrary.framework",
				"${TARGET_BUILD_DIR}/${FRAMEWORKS_FOLDER_PATH}/leveldb.framework",
				"${TARGET_BUILD_DIR}/${FRAMEWORKS_FOLDER_PATH}/nanopb.framework",
			);
			runOnlyForDeploymentPostprocessing = 0;
			shellPath = /bin/sh;
			shellScript = "\"${SRCROOT}/Pods/Target Support Files/Pods-huber/Pods-huber-frameworks.sh\"\n";
			showEnvVarsInLog = 0;
		};
		F1B2C44B60BCFC792534E22A /* [CP] Check Pods Manifest.lock */ = {
			isa = PBXShellScriptBuildPhase;
			buildActionMask = 2147483647;
			files = (
			);
			inputFileListPaths = (
			);
			inputPaths = (
				"${PODS_PODFILE_DIR_PATH}/Podfile.lock",
				"${PODS_ROOT}/Manifest.lock",
			);
			name = "[CP] Check Pods Manifest.lock";
			outputFileListPaths = (
			);
			outputPaths = (
				"$(DERIVED_FILE_DIR)/Pods-huber-checkManifestLockResult.txt",
			);
			runOnlyForDeploymentPostprocessing = 0;
			shellPath = /bin/sh;
			shellScript = "diff \"${PODS_PODFILE_DIR_PATH}/Podfile.lock\" \"${PODS_ROOT}/Manifest.lock\" > /dev/null\nif [ $? != 0 ] ; then\n    # print error to STDERR\n    echo \"error: The sandbox is not in sync with the Podfile.lock. Run 'pod install' or update your CocoaPods installation.\" >&2\n    exit 1\nfi\n# This output is used by Xcode 'outputs' to avoid re-running this script phase.\necho \"SUCCESS\" > \"${SCRIPT_OUTPUT_FILE_0}\"\n";
			showEnvVarsInLog = 0;
		};
/* End PBXShellScriptBuildPhase section */

/* Begin PBXSourcesBuildPhase section */
		2D85869A21EAC76C00D5FA0E /* Sources */ = {
			isa = PBXSourcesBuildPhase;
			buildActionMask = 2147483647;
			files = (
				2D34117921EFA7D6009F8178 /* LoginScreenVC.swift in Sources */,
				2D8586B721EB505E00D5FA0E /* User.swift in Sources */,
				2D8586B921EB5CF000D5FA0E /* MapViewVC.swift in Sources */,
				2D34117B21EFD5F4009F8178 /* RegisterScreenVC.swift in Sources */,
				2D34117E21EFF261009F8178 /* DriverAnnotation.swift in Sources */,
				2D34118321EFF32E009F8178 /* Annotation.swift in Sources */,
				2D8586A221EAC76C00D5FA0E /* AppDelegate.swift in Sources */,
			);
			runOnlyForDeploymentPostprocessing = 0;
		};
/* End PBXSourcesBuildPhase section */

/* Begin PBXVariantGroup section */
		2D8586A521EAC76C00D5FA0E /* Main.storyboard */ = {
			isa = PBXVariantGroup;
			children = (
				2D8586A621EAC76C00D5FA0E /* Base */,
			);
			name = Main.storyboard;
			sourceTree = "<group>";
		};
		2D8586AA21EAC77000D5FA0E /* LaunchScreen.storyboard */ = {
			isa = PBXVariantGroup;
			children = (
				2D8586AB21EAC77000D5FA0E /* Base */,
			);
			name = LaunchScreen.storyboard;
			sourceTree = "<group>";
		};
/* End PBXVariantGroup section */

/* Begin XCBuildConfiguration section */
		2D8586AE21EAC77000D5FA0E /* Debug */ = {
			isa = XCBuildConfiguration;
			buildSettings = {
				ALWAYS_SEARCH_USER_PATHS = NO;
				CLANG_ANALYZER_NONNULL = YES;
				CLANG_ANALYZER_NUMBER_OBJECT_CONVERSION = YES_AGGRESSIVE;
				CLANG_CXX_LANGUAGE_STANDARD = "gnu++14";
				CLANG_CXX_LIBRARY = "libc++";
				CLANG_ENABLE_MODULES = YES;
				CLANG_ENABLE_OBJC_ARC = YES;
				CLANG_ENABLE_OBJC_WEAK = YES;
				CLANG_WARN_BLOCK_CAPTURE_AUTORELEASING = YES;
				CLANG_WARN_BOOL_CONVERSION = YES;
				CLANG_WARN_COMMA = YES;
				CLANG_WARN_CONSTANT_CONVERSION = YES;
				CLANG_WARN_DEPRECATED_OBJC_IMPLEMENTATIONS = YES;
				CLANG_WARN_DIRECT_OBJC_ISA_USAGE = YES_ERROR;
				CLANG_WARN_DOCUMENTATION_COMMENTS = YES;
				CLANG_WARN_EMPTY_BODY = YES;
				CLANG_WARN_ENUM_CONVERSION = YES;
				CLANG_WARN_INFINITE_RECURSION = YES;
				CLANG_WARN_INT_CONVERSION = YES;
				CLANG_WARN_NON_LITERAL_NULL_CONVERSION = YES;
				CLANG_WARN_OBJC_IMPLICIT_RETAIN_SELF = YES;
				CLANG_WARN_OBJC_LITERAL_CONVERSION = YES;
				CLANG_WARN_OBJC_ROOT_CLASS = YES_ERROR;
				CLANG_WARN_RANGE_LOOP_ANALYSIS = YES;
				CLANG_WARN_STRICT_PROTOTYPES = YES;
				CLANG_WARN_SUSPICIOUS_MOVE = YES;
				CLANG_WARN_UNGUARDED_AVAILABILITY = YES_AGGRESSIVE;
				CLANG_WARN_UNREACHABLE_CODE = YES;
				CLANG_WARN__DUPLICATE_METHOD_MATCH = YES;
				CODE_SIGN_IDENTITY = "iPhone Developer";
				COPY_PHASE_STRIP = NO;
				DEBUG_INFORMATION_FORMAT = dwarf;
				ENABLE_STRICT_OBJC_MSGSEND = YES;
				ENABLE_TESTABILITY = YES;
				GCC_C_LANGUAGE_STANDARD = gnu11;
				GCC_DYNAMIC_NO_PIC = NO;
				GCC_NO_COMMON_BLOCKS = YES;
				GCC_OPTIMIZATION_LEVEL = 0;
				GCC_PREPROCESSOR_DEFINITIONS = (
					"DEBUG=1",
					"$(inherited)",
				);
				GCC_WARN_64_TO_32_BIT_CONVERSION = YES;
				GCC_WARN_ABOUT_RETURN_TYPE = YES_ERROR;
				GCC_WARN_UNDECLARED_SELECTOR = YES;
				GCC_WARN_UNINITIALIZED_AUTOS = YES_AGGRESSIVE;
				GCC_WARN_UNUSED_FUNCTION = YES;
				GCC_WARN_UNUSED_VARIABLE = YES;
				IPHONEOS_DEPLOYMENT_TARGET = 12.1;
				MTL_ENABLE_DEBUG_INFO = INCLUDE_SOURCE;
				MTL_FAST_MATH = YES;
				ONLY_ACTIVE_ARCH = YES;
				SDKROOT = iphoneos;
				SWIFT_ACTIVE_COMPILATION_CONDITIONS = DEBUG;
				SWIFT_OPTIMIZATION_LEVEL = "-Onone";
			};
			name = Debug;
		};
		2D8586AF21EAC77000D5FA0E /* Release */ = {
			isa = XCBuildConfiguration;
			buildSettings = {
				ALWAYS_SEARCH_USER_PATHS = NO;
				CLANG_ANALYZER_NONNULL = YES;
				CLANG_ANALYZER_NUMBER_OBJECT_CONVERSION = YES_AGGRESSIVE;
				CLANG_CXX_LANGUAGE_STANDARD = "gnu++14";
				CLANG_CXX_LIBRARY = "libc++";
				CLANG_ENABLE_MODULES = YES;
				CLANG_ENABLE_OBJC_ARC = YES;
				CLANG_ENABLE_OBJC_WEAK = YES;
				CLANG_WARN_BLOCK_CAPTURE_AUTORELEASING = YES;
				CLANG_WARN_BOOL_CONVERSION = YES;
				CLANG_WARN_COMMA = YES;
				CLANG_WARN_CONSTANT_CONVERSION = YES;
				CLANG_WARN_DEPRECATED_OBJC_IMPLEMENTATIONS = YES;
				CLANG_WARN_DIRECT_OBJC_ISA_USAGE = YES_ERROR;
				CLANG_WARN_DOCUMENTATION_COMMENTS = YES;
				CLANG_WARN_EMPTY_BODY = YES;
				CLANG_WARN_ENUM_CONVERSION = YES;
				CLANG_WARN_INFINITE_RECURSION = YES;
				CLANG_WARN_INT_CONVERSION = YES;
				CLANG_WARN_NON_LITERAL_NULL_CONVERSION = YES;
				CLANG_WARN_OBJC_IMPLICIT_RETAIN_SELF = YES;
				CLANG_WARN_OBJC_LITERAL_CONVERSION = YES;
				CLANG_WARN_OBJC_ROOT_CLASS = YES_ERROR;
				CLANG_WARN_RANGE_LOOP_ANALYSIS = YES;
				CLANG_WARN_STRICT_PROTOTYPES = YES;
				CLANG_WARN_SUSPICIOUS_MOVE = YES;
				CLANG_WARN_UNGUARDED_AVAILABILITY = YES_AGGRESSIVE;
				CLANG_WARN_UNREACHABLE_CODE = YES;
				CLANG_WARN__DUPLICATE_METHOD_MATCH = YES;
				CODE_SIGN_IDENTITY = "iPhone Developer";
				COPY_PHASE_STRIP = NO;
				DEBUG_INFORMATION_FORMAT = "dwarf-with-dsym";
				ENABLE_NS_ASSERTIONS = NO;
				ENABLE_STRICT_OBJC_MSGSEND = YES;
				GCC_C_LANGUAGE_STANDARD = gnu11;
				GCC_NO_COMMON_BLOCKS = YES;
				GCC_WARN_64_TO_32_BIT_CONVERSION = YES;
				GCC_WARN_ABOUT_RETURN_TYPE = YES_ERROR;
				GCC_WARN_UNDECLARED_SELECTOR = YES;
				GCC_WARN_UNINITIALIZED_AUTOS = YES_AGGRESSIVE;
				GCC_WARN_UNUSED_FUNCTION = YES;
				GCC_WARN_UNUSED_VARIABLE = YES;
				IPHONEOS_DEPLOYMENT_TARGET = 12.1;
				MTL_ENABLE_DEBUG_INFO = NO;
				MTL_FAST_MATH = YES;
				SDKROOT = iphoneos;
				SWIFT_COMPILATION_MODE = wholemodule;
				SWIFT_OPTIMIZATION_LEVEL = "-O";
				VALIDATE_PRODUCT = YES;
			};
			name = Release;
		};
		2D8586B121EAC77000D5FA0E /* Debug */ = {
			isa = XCBuildConfiguration;
			baseConfigurationReference = 0D9B404C1DBBFAFD58DCCBB7 /* Pods-huber.debug.xcconfig */;
			buildSettings = {
				ASSETCATALOG_COMPILER_APPICON_NAME = AppIcon;
				CODE_SIGN_STYLE = Automatic;
				DEVELOPMENT_TEAM = G3P284NUFU;
				INFOPLIST_FILE = huber/Info.plist;
				LD_RUNPATH_SEARCH_PATHS = (
					"$(inherited)",
					"@executable_path/Frameworks",
				);
				PRODUCT_BUNDLE_IDENTIFIER = com.Naumenko.huber;
				PRODUCT_NAME = "$(TARGET_NAME)";
				SWIFT_VERSION = 4.2;
				TARGETED_DEVICE_FAMILY = "1,2";
			};
			name = Debug;
		};
		2D8586B221EAC77000D5FA0E /* Release */ = {
			isa = XCBuildConfiguration;
			baseConfigurationReference = 0D9BF05D71A6C9BC6E08F8DC /* Pods-huber.release.xcconfig */;
			buildSettings = {
				ASSETCATALOG_COMPILER_APPICON_NAME = AppIcon;
				CODE_SIGN_STYLE = Automatic;
				DEVELOPMENT_TEAM = G3P284NUFU;
				INFOPLIST_FILE = huber/Info.plist;
				LD_RUNPATH_SEARCH_PATHS = (
					"$(inherited)",
					"@executable_path/Frameworks",
				);
				PRODUCT_BUNDLE_IDENTIFIER = com.Naumenko.huber;
				PRODUCT_NAME = "$(TARGET_NAME)";
				SWIFT_VERSION = 4.2;
				TARGETED_DEVICE_FAMILY = "1,2";
			};
			name = Release;
		};
/* End XCBuildConfiguration section */

/* Begin XCConfigurationList section */
		2D85869921EAC76C00D5FA0E /* Build configuration list for PBXProject "huber" */ = {
			isa = XCConfigurationList;
			buildConfigurations = (
				2D8586AE21EAC77000D5FA0E /* Debug */,
				2D8586AF21EAC77000D5FA0E /* Release */,
			);
			defaultConfigurationIsVisible = 0;
			defaultConfigurationName = Release;
		};
		2D8586B021EAC77000D5FA0E /* Build configuration list for PBXNativeTarget "huber" */ = {
			isa = XCConfigurationList;
			buildConfigurations = (
				2D8586B121EAC77000D5FA0E /* Debug */,
				2D8586B221EAC77000D5FA0E /* Release */,
			);
			defaultConfigurationIsVisible = 0;
			defaultConfigurationName = Release;
		};
/* End XCConfigurationList section */
	};
	rootObject = 2D85869621EAC76C00D5FA0E /* Project object */;
}
